
Microsoft Visual Studio Solution File, Format Version 10.00
# Visual Studio 2008
Project("{8BC9CEB8-8B4A-11D0-8D11-00A0C91BC942}") = "MFC_Client_Light", "MFC_Client_Light.vcproj", "{824C39BB-11E0-497F-9D20-1D4DFA4CDFD7}"
EndProject
Global
	GlobalSection(SolutionConfigurationPlatforms) = preSolution
		Debug|Win32 = Debug|Win32
		Release|Win32 = Release|Win32
	EndGlobalSection
	GlobalSection(ProjectConfigurationPlatforms) = postSolution
		{824C39BB-11E0-497F-9D20-1D4DFA4CDFD7}.Debug|Win32.ActiveCfg = Debug|Win32
		{824C39BB-11E0-497F-9D20-1D4DFA4CDFD7}.Debug|Win32.Build.0 = Debug|Win32
		{824C39BB-11E0-497F-9D20-1D4DFA4CDFD7}.Release|Win32.ActiveCfg = Release|Win32
		{824C39BB-11E0-497F-9D20-1D4DFA4CDFD7}.Release|Win32.Build.0 = Release|Win32
	EndGlobalSection
	GlobalSection(SolutionProperties) = preSolution
		HideSolutionNode = FALSE
	EndGlobalSection
EndGlobal
