
Microsoft Visual Studio Solution File, Format Version 10.00
# Visual Studio 2008
Project("{8BC9CEB8-8B4A-11D0-8D11-00A0C91BC942}") = "Server", "Server.vcproj", "{E0244B24-1E16-4500-9287-078528F700D5}"
EndProject
Global
	GlobalSection(SolutionConfigurationPlatforms) = preSolution
		Debug|Win32 = Debug|Win32
		Release|Win32 = Release|Win32
	EndGlobalSection
	GlobalSection(ProjectConfigurationPlatforms) = postSolution
		{E0244B24-1E16-4500-9287-078528F700D5}.Debug|Win32.ActiveCfg = Debug|Win32
		{E0244B24-1E16-4500-9287-078528F700D5}.Debug|Win32.Build.0 = Debug|Win32
		{E0244B24-1E16-4500-9287-078528F700D5}.Release|Win32.ActiveCfg = Release|Win32
		{E0244B24-1E16-4500-9287-078528F700D5}.Release|Win32.Build.0 = Release|Win32
	EndGlobalSection
	GlobalSection(SolutionProperties) = preSolution
		HideSolutionNode = FALSE
	EndGlobalSection
EndGlobal
